// !$*UTF8*$!
{
	archiveVersion = 1;
	classes = {
	};
	objectVersion = 55;
	objects = {

/* Begin PBXBuildFile section */
		B3079601275EA8A1001CAA4A /* main.cpp in Sources */ = {isa = PBXBuildFile; fileRef = B3079600275EA8A1001CAA4A /* main.cpp */; };
/* End PBXBuildFile section */

/* Begin PBXCopyFilesBuildPhase section */
		B30795FB275EA8A1001CAA4A /* CopyFiles */ = {
			isa = PBXCopyFilesBuildPhase;
			buildActionMask = 2147483647;
			dstPath = /usr/share/man/man1/;
			dstSubfolderSpec = 0;
			files = (
			);
			runOnlyForDeploymentPostprocessing = 1;
		};
/* End PBXCopyFilesBuildPhase section */

/* Begin PBXFileReference section */
		B30795FD275EA8A1001CAA4A /* Final Project, Library Simulation */ = {isa = PBXFileReference; explicitFileType = "compiled.mach-o.executable"; includeInIndex = 0; path = "Final Project, Library Simulation"; sourceTree = BUILT_PRODUCTS_DIR; };
		B3079600275EA8A1001CAA4A /* main.cpp */ = {isa = PBXFileReference; lastKnownFileType = sourcecode.cpp.cpp; path = main.cpp; sourceTree = "<group>"; };
		B3079607275EA8C0001CAA4A /* DynamicArray.h */ = {isa = PBXFileReference; lastKnownFileType = sourcecode.c.h; path = DynamicArray.h; sourceTree = "<group>"; };
		B3079608275EA8C9001CAA4A /* HashTable.h */ = {isa = PBXFileReference; lastKnownFileType = sourcecode.c.h; path = HashTable.h; sourceTree = "<group>"; };
		B3079609275EA8CF001CAA4A /* Queue.h */ = {isa = PBXFileReference; lastKnownFileType = sourcecode.c.h; path = Queue.h; sourceTree = "<group>"; };
		B307960A275EA8D7001CAA4A /* StaticArray.h */ = {isa = PBXFileReference; lastKnownFileType = sourcecode.c.h; path = StaticArray.h; sourceTree = "<group>"; };
		B307960B275EAA37001CAA4A /* Library_Books.txt */ = {isa = PBXFileReference; lastKnownFileType = text; path = Library_Books.txt; sourceTree = "<group>"; };
		B307960C275EAA49001CAA4A /* Library_Users.txt */ = {isa = PBXFileReference; lastKnownFileType = text; path = Library_Users.txt; sourceTree = "<group>"; };
/* End PBXFileReference section */

/* Begin PBXFrameworksBuildPhase section */
		B30795FA275EA8A1001CAA4A /* Frameworks */ = {
			isa = PBXFrameworksBuildPhase;
			buildActionMask = 2147483647;
			files = (
			);
			runOnlyForDeploymentPostprocessing = 0;
		};
/* End PBXFrameworksBuildPhase section */

/* Begin PBXGroup section */
		B30795F4275EA8A1001CAA4A = {
			isa = PBXGroup;
			children = (
				B30795FF275EA8A1001CAA4A /* Final Project, Library Simulation */,
				B30795FE275EA8A1001CAA4A /* Products */,
			);
			sourceTree = "<group>";
		};
		B30795FE275EA8A1001CAA4A /* Products */ = {
			isa = PBXGroup;
			children = (
				B30795FD275EA8A1001CAA4A /* Final Project, Library Simulation */,
			);
			name = Products;
			sourceTree = "<group>";
		};
		B30795FF275EA8A1001CAA4A /* Final Project, Library Simulation */ = {
			isa = PBXGroup;
			children = (
				B307960B275EAA37001CAA4A /* Library_Books.txt */,
				B307960C275EAA49001CAA4A /* Library_Users.txt */,
				B3079600275EA8A1001CAA4A /* main.cpp */,
				B3079607275EA8C0001CAA4A /* DynamicArray.h */,
				B3079608275EA8C9001CAA4A /* HashTable.h */,
				B3079609275EA8CF001CAA4A /* Queue.h */,
				B307960A275EA8D7001CAA4A /* StaticArray.h */,
			);
			path = "Final Project, Library Simulation";
			sourceTree = "<group>";
		};
/* End PBXGroup section */

/* Begin PBXNativeTarget section */
		B30795FC275EA8A1001CAA4A /* Final Project, Library Simulation */ = {
			isa = PBXNativeTarget;
			buildConfigurationList = B3079604275EA8A1001CAA4A /* Build configuration list for PBXNativeTarget "Final Project, Library Simulation" */;
			buildPhases = (
				B30795F9275EA8A1001CAA4A /* Sources */,
				B30795FA275EA8A1001CAA4A /* Frameworks */,
				B30795FB275EA8A1001CAA4A /* CopyFiles */,
			);
			buildRules = (
			);
			dependencies = (
			);
			name = "Final Project, Library Simulation";
			productName = "Final Project, Library Simulation";
			productReference = B30795FD275EA8A1001CAA4A /* Final Project, Library Simulation */;
			productType = "com.apple.product-type.tool";
		};
/* End PBXNativeTarget section */

/* Begin PBXProject section */
		B30795F5275EA8A1001CAA4A /* Project object */ = {
			isa = PBXProject;
			attributes = {
				BuildIndependentTargetsInParallel = 1;
				LastUpgradeCheck = 1310;
				TargetAttributes = {
					B30795FC275EA8A1001CAA4A = {
						CreatedOnToolsVersion = 13.1;
					};
				};
			};
			buildConfigurationList = B30795F8275EA8A1001CAA4A /* Build configuration list for PBXProject "Final Project, Library Simulation" */;
			compatibilityVersion = "Xcode 13.0";
			developmentRegion = en;
			hasScannedForEncodings = 0;
			knownRegions = (
				en,
				Base,
			);
			mainGroup = B30795F4275EA8A1001CAA4A;
			productRefGroup = B30795FE275EA8A1001CAA4A /* Products */;
			projectDirPath = "";
			projectRoot = "";
			targets = (
				B30795FC275EA8A1001CAA4A /* Final Project, Library Simulation */,
			);
		};
/* End PBXProject section */

/* Begin PBXSourcesBuildPhase section */
		B30795F9275EA8A1001CAA4A /* Sources */ = {
			isa = PBXSourcesBuildPhase;
			buildActionMask = 2147483647;
			files = (
				B3079601275EA8A1001CAA4A /* main.cpp in Sources */,
			);
			runOnlyForDeploymentPostprocessing = 0;
		};
/* End PBXSourcesBuildPhase section */

/* Begin XCBuildConfiguration section */
		B3079602275EA8A1001CAA4A /* Debug */ = {
			isa = XCBuildConfiguration;
			buildSettings = {
				ALWAYS_SEARCH_USER_PATHS = NO;
				CLANG_ANALYZER_NONNULL = YES;
				CLANG_ANALYZER_NUMBER_OBJECT_CONVERSION = YES_AGGRESSIVE;
				CLANG_CXX_LANGUAGE_STANDARD = "gnu++17";
				CLANG_CXX_LIBRARY = "libc++";
				CLANG_ENABLE_MODULES = YES;
				CLANG_ENABLE_OBJC_ARC = YES;
				CLANG_ENABLE_OBJC_WEAK = YES;
				CLANG_WARN_BLOCK_CAPTURE_AUTORELEASING = YES;
				CLANG_WARN_BOOL_CONVERSION = YES;
				CLANG_WARN_COMMA = YES;
				CLANG_WARN_CONSTANT_CONVERSION = YES;
				CLANG_WARN_DEPRECATED_OBJC_IMPLEMENTATIONS = YES;
				CLANG_WARN_DIRECT_OBJC_ISA_USAGE = YES_ERROR;
				CLANG_WARN_DOCUMENTATION_COMMENTS = YES;
				CLANG_WARN_EMPTY_BODY = YES;
				CLANG_WARN_ENUM_CONVERSION = YES;
				CLANG_WARN_INFINITE_RECURSION = YES;
				CLANG_WARN_INT_CONVERSION = YES;
				CLANG_WARN_NON_LITERAL_NULL_CONVERSION = YES;
				CLANG_WARN_OBJC_IMPLICIT_RETAIN_SELF = YES;
				CLANG_WARN_OBJC_LITERAL_CONVERSION = YES;
				CLANG_WARN_OBJC_ROOT_CLASS = YES_ERROR;
				CLANG_WARN_QUOTED_INCLUDE_IN_FRAMEWORK_HEADER = YES;
				CLANG_WARN_RANGE_LOOP_ANALYSIS = YES;
				CLANG_WARN_STRICT_PROTOTYPES = YES;
				CLANG_WARN_SUSPICIOUS_MOVE = YES;
				CLANG_WARN_UNGUARDED_AVAILABILITY = YES_AGGRESSIVE;
				CLANG_WARN_UNREACHABLE_CODE = YES;
				CLANG_WARN__DUPLICATE_METHOD_MATCH = YES;
				COPY_PHASE_STRIP = NO;
				DEBUG_INFORMATION_FORMAT = dwarf;
				ENABLE_STRICT_OBJC_MSGSEND = YES;
				ENABLE_TESTABILITY = YES;
				GCC_C_LANGUAGE_STANDARD = gnu11;
				GCC_DYNAMIC_NO_PIC = NO;
				GCC_NO_COMMON_BLOCKS = YES;
				GCC_OPTIMIZATION_LEVEL = 0;
				GCC_PREPROCESSOR_DEFINITIONS = (
					"DEBUG=1",
					"$(inherited)",
				);
				GCC_WARN_64_TO_32_BIT_CONVERSION = YES;
				GCC_WARN_ABOUT_RETURN_TYPE = YES_ERROR;
				GCC_WARN_UNDECLARED_SELECTOR = YES;
				GCC_WARN_UNINITIALIZED_AUTOS = YES_AGGRESSIVE;
				GCC_WARN_UNUSED_FUNCTION = YES;
				GCC_WARN_UNUSED_VARIABLE = YES;
				MACOSX_DEPLOYMENT_TARGET = 12.0;
				MTL_ENABLE_DEBUG_INFO = INCLUDE_SOURCE;
				MTL_FAST_MATH = YES;
				ONLY_ACTIVE_ARCH = YES;
				SDKROOT = macosx;
			};
			name = Debug;
		};
		B3079603275EA8A1001CAA4A /* Release */ = {
			isa = XCBuildConfiguration;
			buildSettings = {
				ALWAYS_SEARCH_USER_PATHS = NO;
				CLANG_ANALYZER_NONNULL = YES;
				CLANG_ANALYZER_NUMBER_OBJECT_CONVERSION = YES_AGGRESSIVE;
				CLANG_CXX_LANGUAGE_STANDARD = "gnu++17";
				CLANG_CXX_LIBRARY = "libc++";
				CLANG_ENABLE_MODULES = YES;
				CLANG_ENABLE_OBJC_ARC = YES;
				CLANG_ENABLE_OBJC_WEAK = YES;
				CLANG_WARN_BLOCK_CAPTURE_AUTORELEASING = YES;
				CLANG_WARN_BOOL_CONVERSION = YES;
				CLANG_WARN_COMMA = YES;
				CLANG_WARN_CONSTANT_CONVERSION = YES;
				CLANG_WARN_DEPRECATED_OBJC_IMPLEMENTATIONS = YES;
				CLANG_WARN_DIRECT_OBJC_ISA_USAGE = YES_ERROR;
				CLANG_WARN_DOCUMENTATION_COMMENTS = YES;
				CLANG_WARN_EMPTY_BODY = YES;
				CLANG_WARN_ENUM_CONVERSION = YES;
				CLANG_WARN_INFINITE_RECURSION = YES;
				CLANG_WARN_INT_CONVERSION = YES;
				CLANG_WARN_NON_LITERAL_NULL_CONVERSION = YES;
				CLANG_WARN_OBJC_IMPLICIT_RETAIN_SELF = YES;
				CLANG_WARN_OBJC_LITERAL_CONVERSION = YES;
				CLANG_WARN_OBJC_ROOT_CLASS = YES_ERROR;
				CLANG_WARN_QUOTED_INCLUDE_IN_FRAMEWORK_HEADER = YES;
				CLANG_WARN_RANGE_LOOP_ANALYSIS = YES;
				CLANG_WARN_STRICT_PROTOTYPES = YES;
				CLANG_WARN_SUSPICIOUS_MOVE = YES;
				CLANG_WARN_UNGUARDED_AVAILABILITY = YES_AGGRESSIVE;
				CLANG_WARN_UNREACHABLE_CODE = YES;
				CLANG_WARN__DUPLICATE_METHOD_MATCH = YES;
				COPY_PHASE_STRIP = NO;
				DEBUG_INFORMATION_FORMAT = "dwarf-with-dsym";
				ENABLE_NS_ASSERTIONS = NO;
				ENABLE_STRICT_OBJC_MSGSEND = YES;
				GCC_C_LANGUAGE_STANDARD = gnu11;
				GCC_NO_COMMON_BLOCKS = YES;
				GCC_WARN_64_TO_32_BIT_CONVERSION = YES;
				GCC_WARN_ABOUT_RETURN_TYPE = YES_ERROR;
				GCC_WARN_UNDECLARED_SELECTOR = YES;
				GCC_WARN_UNINITIALIZED_AUTOS = YES_AGGRESSIVE;
				GCC_WARN_UNUSED_FUNCTION = YES;
				GCC_WARN_UNUSED_VARIABLE = YES;
				MACOSX_DEPLOYMENT_TARGET = 12.0;
				MTL_ENABLE_DEBUG_INFO = NO;
				MTL_FAST_MATH = YES;
				SDKROOT = macosx;
			};
			name = Release;
		};
		B3079605275EA8A1001CAA4A /* Debug */ = {
			isa = XCBuildConfiguration;
			buildSettings = {
				CODE_SIGN_STYLE = Automatic;
				DEVELOPMENT_TEAM = UGJZFT6LCH;
				ENABLE_HARDENED_RUNTIME = YES;
				PRODUCT_NAME = "$(TARGET_NAME)";
			};
			name = Debug;
		};
		B3079606275EA8A1001CAA4A /* Release */ = {
			isa = XCBuildConfiguration;
			buildSettings = {
				CODE_SIGN_STYLE = Automatic;
				DEVELOPMENT_TEAM = UGJZFT6LCH;
				ENABLE_HARDENED_RUNTIME = YES;
				PRODUCT_NAME = "$(TARGET_NAME)";
			};
			name = Release;
		};
/* End XCBuildConfiguration section */

/* Begin XCConfigurationList section */
		B30795F8275EA8A1001CAA4A /* Build configuration list for PBXProject "Final Project, Library Simulation" */ = {
			isa = XCConfigurationList;
			buildConfigurations = (
				B3079602275EA8A1001CAA4A /* Debug */,
				B3079603275EA8A1001CAA4A /* Release */,
			);
			defaultConfigurationIsVisible = 0;
			defaultConfigurationName = Release;
		};
		B3079604275EA8A1001CAA4A /* Build configuration list for PBXNativeTarget "Final Project, Library Simulation" */ = {
			isa = XCConfigurationList;
			buildConfigurations = (
				B3079605275EA8A1001CAA4A /* Debug */,
				B3079606275EA8A1001CAA4A /* Release */,
			);
			defaultConfigurationIsVisible = 0;
			defaultConfigurationName = Release;
		};
/* End XCConfigurationList section */
	};
	rootObject = B30795F5275EA8A1001CAA4A /* Project object */;
}
